{
    "_meta": {
        "hash": {
            "sha256": "ac7dc52154d1ed1df99d65809ac3d69942385639630796975ccb1dde4acadff8"
        },
        "pipfile-spec": 6,
        "requires": {
            "python_version": "3.9"
        },
        "sources": [
            {
                "name": "pypi",
                "url": "https://pypi.org/simple",
                "verify_ssl": true
            }
        ]
    },
    "default": {
        "anyio": {
            "hashes": [
                "sha256:a0aeffe2fb1fdf374a8e4b471444f0f3ac4fb9f5a5b542b48824475e0042a5a6",
                "sha256:b5fa16c5ff93fa1046f2eeb5bbff2dad4d3514d6cda61d02816dba34fa8c3c2e"
            ],
            "index": "pypi",
            "version": "==3.5.0"
        },
        "asgiref": {
            "hashes": [
                "sha256:2f8abc20f7248433085eda803936d98992f1343ddb022065779f37c5da0181d0",
                "sha256:88d59c13d634dcffe0510be048210188edd79aeccb6a6c9028cdad6f31d730a9"
            ],
            "index": "pypi",
            "version": "==3.5.0"
        },
        "backports.entry-points-selectable": {
            "hashes": [
                "sha256:988468260ec1c196dab6ae1149260e2f5472c9110334e5d51adcb77867361f6a",
                "sha256:a6d9a871cde5e15b4c4a53e3d43ba890cc6861ec1332c9c2428c92f977192acc"
            ],
            "index": "pypi",
            "version": "==1.1.0"
        },
        "certifi": {
            "hashes": [
                "sha256:78884e7c1d4b00ce3cea67b44566851c4343c120abd683433ce934a68ea58872",
                "sha256:d62a0163eb4c2344ac042ab2bdf75399a71a2d8c7d47eac2e2ee91b9d6339569"
            ],
            "index": "pypi",
            "version": "==2021.10.8"
        },
        "charset-normalizer": {
            "hashes": [
                "sha256:e019de665e2bcf9c2b64e2e5aa025fa991da8720daa3c1138cadd2fd1856aed0",
                "sha256:f7af805c321bfa1ce6714c51f254e0d5bb5e5834039bc17db7ebe3a4cec9492b"
            ],
            "index": "pypi",
            "version": "==2.0.7"
        },
        "click": {
            "hashes": [
                "sha256:353f466495adaeb40b6b5f592f9f91cb22372351c84caeb068132442a4518ef3",
                "sha256:410e932b050f5eed773c4cda94de75971c89cdb3155a72a0831139a79e5ecb5b"
            ],
            "index": "pypi",
            "version": "==8.0.3"
        },
        "colorama": {
            "hashes": [
                "sha256:5941b2b48a20143d2267e95b1c2a7603ce057ee39fd88e7329b0c292aa16869b",
                "sha256:9f47eda37229f68eee03b24b9748937c7dc3868f906e8ba69fbcbdd3bc5dc3e2"
            ],
            "index": "pypi",
            "version": "==0.4.4"
        },
        "dill": {
            "hashes": [
                "sha256:7e40e4a70304fd9ceab3535d36e58791d9c4a776b38ec7f7ec9afc8d3dca4d4f",
                "sha256:9f9734205146b2b353ab3fec9af0070237b6ddae78452af83d2fca84d739e675"
            ],
            "index": "pypi",
            "version": "==0.3.4"
        },
        "distlib": {
            "hashes": [
                "sha256:c8b54e8454e5bf6237cc84c20e8264c3e991e824ef27e8f1e81049867d861e31",
                "sha256:d982d0751ff6eaaab5e2ec8e691d949ee80eddf01a62eaa96ddb11531fe16b05"
            ],
            "index": "pypi",
            "version": "==0.3.3"
        },
        "dj-database-url": {
            "hashes": [
                "sha256:4aeaeb1f573c74835b0686a2b46b85990571159ffc21aa57ecd4d1e1cb334163",
                "sha256:851785365761ebe4994a921b433062309eb882fedd318e1b0fcecc607ed02da9"
            ],
            "index": "pypi",
            "version": "==0.5.0"
        },
        "django": {
            "hashes": [
                "sha256:110fb58fb12eca59e072ad59fc42d771cd642dd7a2f2416582aa9da7a8ef954a",
                "sha256:996495c58bff749232426c88726d8cd38d24c94d7c1d80835aafffa9bc52985a"
            ],
            "index": "pypi",
            "version": "==4.0.2"
        },
        "django-bootstrap-modal-forms": {
            "hashes": [
                "sha256:be180b30892aa7b8012718dfca7586de7d0c143585bc44ed507d50569cdd41cd"
            ],
            "index": "pypi",
            "version": "==2.2.0"
        },
        "django-heroku": {
            "hashes": [
                "sha256:2bc690aab89eedbe01311752320a9a12e7548e3b0ed102681acc5736a41a4762",
                "sha256:6af4bc3ae4a9b55eaad6dbe5164918982d2762661aebc9f83d9fa49f6009514e"
            ],
            "index": "pypi",
            "version": "==0.3.1"
        },
        "dnspython": {
            "hashes": [
                "sha256:081649da27ced5e75709a1ee542136eaba9842a0fe4c03da4fb0a3d3ed1f3c44",
                "sha256:e79351e032d0b606b98d38a4b0e6e2275b31a5b85c873e587cc11b73aca026d6"
            ],
            "index": "pypi",
            "version": "==2.2.0"
        },
        "email-validator": {
            "hashes": [
                "sha256:5675c8ceb7106a37e40e2698a57c056756bf3f272cfa8682a4f87ebd95d8440b",
                "sha256:aa237a65f6f4da067119b7df3f13e89c25c051327b2b5b66dc075f33d62480d7"
            ],
            "index": "pypi",
            "version": "==1.1.3"
        },
        "filelock": {
            "hashes": [
                "sha256:2b5eb3589e7fdda14599e7eb1a50e09b4cc14f34ed98b8ba56d33bfaafcbef2f",
                "sha256:34a9f35f95c441e7b38209775d6e0337f9a3759f3565f6c5798f19618527c76f"
            ],
            "index": "pypi",
            "version": "==3.3.1"
        },
        "fsspec": {
            "hashes": [
                "sha256:8843f31c7a7bb1afc4add371948f10701814594d407ee1b0bb4facec8b517efa",
                "sha256:cbb7bafd59aa33684a92e843877f4adc0109fb0722b1a26e7d08f5a6e2500904"
            ],
            "index": "pypi",
            "version": "==2021.11.0"
        },
        "gunicorn": {
            "hashes": [
                "sha256:9dcc4547dbb1cb284accfb15ab5667a0e5d1881cc443e0677b4882a4067a807e",
                "sha256:e0a968b5ba15f8a328fdfd7ab1fcb5af4470c28aaf7e55df02a99bc13138e6e8"
            ],
            "index": "pypi",
            "version": "==20.1.0"
        },
        "h11": {
            "hashes": [
                "sha256:36a3cb8c0a032f56e2da7084577878a035d3b61d104230d4bd49c0c6b555a9c6",
                "sha256:47222cb6067e4a307d535814917cd98fd0a57b6788ce715755fa2b6c28b56042"
            ],
            "index": "pypi",
            "version": "==0.12.0"
        },
        "httpcore": {
            "hashes": [
                "sha256:036f960468759e633574d7c121afba48af6419615d36ab8ede979f1ad6276fa3",
                "sha256:369aa481b014cf046f7067fddd67d00560f2f00426e79569d99cb11245134af0"
            ],
            "index": "pypi",
            "version": "==0.13.7"
        },
        "httpx": {
            "hashes": [
                "sha256:979afafecb7d22a1d10340bafb403cf2cb75aff214426ff206521fc79d26408c",
                "sha256:9f99c15d33642d38bce8405df088c1c4cfd940284b4290cacbfb02e64f4877c6"
            ],
            "index": "pypi",
            "version": "==0.18.2"
        },
        "idna": {
            "hashes": [
                "sha256:84d9dd047ffa80596e0f246e2eab0b391788b0503584e8945f2368256d2735ff",
                "sha256:9d643ff0a55b762d5cdb124b8eaa99c66322e2157b69160bc32796e824360e6d"
            ],
            "index": "pypi",
            "version": "==3.3"
        },
        "joblib": {
            "hashes": [
                "sha256:4158fcecd13733f8be669be0683b96ebdbbd38d23559f54dca7205aea1bf1e35",
                "sha256:f21f109b3c7ff9d95f8387f752d0d9c34a02aa2f7060c2135f465da0e5160ff6"
            ],
            "index": "pypi",
            "version": "==1.1.0"
        },
        "multiprocess": {
            "hashes": [
                "sha256:0e0a5ae4bd84e4c22baddf824d3b8168214f8c1cce51e2cb080421cb1f7b04d1",
                "sha256:206bb9b97b73f87fec1ed15a19f8762950256aa84225450abc7150d02855a083",
                "sha256:35d41e410ca2a32977a483ae1f40f86b193b45cecf85567c2fae402fb8bf172e",
                "sha256:6aa67e805e50b6e9dfc56dd0f0c85ac3409e6791d4ec5405c5f9bc0a47d745a4",
                "sha256:6f812a1d3f198b7cacd63983f60e2dc1338bd4450893f90c435067b5a3127e6f",
                "sha256:85941e650c277af44fc82e3e97faacb920e5ce3615238b540cbad4012d6f60e9",
                "sha256:916a314a1e0f3454033d59672ba6181fa45948ab1091d68cdd479258576e7b27",
                "sha256:9a02237eae21975155c816883479f72e239d16823a6bc063173d59acec9bcf41",
                "sha256:a9f58945edb234591684c0a181b744a3231643814ef3a8f47cea9a2073b4b2bb",
                "sha256:b3f866f7d9c7acc1a9cb1b6063a29f5cb140ff545b35b71fd4bfdac6f19d75fa",
                "sha256:be3ad3eaf204abc646d85e70e41244f66d88200628a0ab867c8fc206b97cedbf",
                "sha256:c85ffc38c50c5a4f32f3f3c1a284725b7b5040188f254eba6e572c53d3da525b",
                "sha256:f12a939cd2f01d0a900e7ef2aaee3c351a49fd2297d7f760b537af22727561b8"
            ],
            "index": "pypi",
            "version": "==0.70.12.2"
        },
        "numpy": {
            "hashes": [
                "sha256:03ae5850619abb34a879d5f2d4bb4dcd025d6d8fb72f5e461dae84edccfe129f",
                "sha256:076aee5a3763d41da6bef9565fdf3cb987606f567cd8b104aded2b38b7b47abf",
                "sha256:0b536b6840e84c1c6a410f3a5aa727821e6108f3454d81a5cd5900999ef04f89",
                "sha256:15efb7b93806d438e3bc590ca8ef2f953b0ce4f86f337ef4559d31ec6cf9d7dd",
                "sha256:168259b1b184aa83a514f307352c25c56af111c269ffc109d9704e81f72e764b",
                "sha256:2638389562bda1635b564490d76713695ff497242a83d9b684d27bb4a6cc9d7a",
                "sha256:3556c5550de40027d3121ebbb170f61bbe19eb639c7ad0c7b482cd9b560cd23b",
                "sha256:4a176959b6e7e00b5a0d6f549a479f869829bfd8150282c590deee6d099bbb6e",
                "sha256:515a8b6edbb904594685da6e176ac9fbea8f73a5ebae947281de6613e27f1956",
                "sha256:55535c7c2f61e2b2fc817c5cbe1af7cb907c7f011e46ae0a52caa4be1f19afe2",
                "sha256:59153979d60f5bfe9e4c00e401e24dfe0469ef8da6d68247439d3278f30a180f",
                "sha256:60cb8e5933193a3cc2912ee29ca331e9c15b2da034f76159b7abc520b3d1233a",
                "sha256:6767ad399e9327bfdbaa40871be4254d1995f4a3ca3806127f10cec778bd9896",
                "sha256:76a4f9bce0278becc2da7da3b8ef854bed41a991f4226911a24a9711baad672c",
                "sha256:8cf33634b60c9cef346663a222d9841d3bbbc0a2f00221d6bcfd0d993d5543f6",
                "sha256:94dd11d9f13ea1be17bac39c1942f527cbf7065f94953cf62dfe805653da2f8f",
                "sha256:aafa46b5a39a27aca566198d3312fb3bde95ce9677085efd02c86f7ef6be4ec7",
                "sha256:badca914580eb46385e7f7e4e426fea6de0a37b9e06bec252e481ae7ec287082",
                "sha256:d76a26c5118c4d96e264acc9e3242d72e1a2b92e739807b3b69d8d47684b6677"
            ],
            "markers": "python_version >= '3.8'",
            "version": "==1.22.2"
        },
        "pipenv": {
            "hashes": [
                "sha256:05958fadcd70b2de6a27542fcd2bd72dd5c59c6d35307fdac3e06361fb06e30e",
                "sha256:d180f5be4775c552fd5e69ae18a9d6099d9dafb462efe54f11c72cb5f4d5e977"
            ],
            "index": "pypi",
            "version": "==2021.5.29"
        },
        "platformdirs": {
            "hashes": [
                "sha256:367a5e80b3d04d2428ffa76d33f124cf11e8fff2acdaa9b43d545f5c7d661ef2",
                "sha256:8868bbe3c3c80d42f20156f22e7131d2fb321f5bc86a2a345375c6481a67021d"
            ],
            "index": "pypi",
            "version": "==2.4.0"
        },
        "psycopg2": {
            "hashes": [
                "sha256:06f32425949bd5fe8f625c49f17ebb9784e1e4fe928b7cce72edc36fb68e4c0c",
                "sha256:0762c27d018edbcb2d34d51596e4346c983bd27c330218c56c4dc25ef7e819bf",
                "sha256:083707a696e5e1c330af2508d8fab36f9700b26621ccbcb538abe22e15485362",
                "sha256:34b33e0162cfcaad151f249c2649fd1030010c16f4bbc40a604c1cb77173dcf7",
                "sha256:4295093a6ae3434d33ec6baab4ca5512a5082cc43c0505293087b8a46d108461",
                "sha256:8cf3878353cc04b053822896bc4922b194792df9df2f1ad8da01fb3043602126",
                "sha256:8e841d1bf3434da985cc5ef13e6f75c8981ced601fd70cc6bf33351b91562981",
                "sha256:9572e08b50aed176ef6d66f15a21d823bb6f6d23152d35e8451d7d2d18fdac56",
                "sha256:a81e3866f99382dfe8c15a151f1ca5fde5815fde879348fe5a9884a7c092a305",
                "sha256:cb10d44e6694d763fa1078a26f7f6137d69f555a78ec85dc2ef716c37447e4b2",
                "sha256:d3ca6421b942f60c008f81a3541e8faf6865a28d5a9b48544b0ee4f40cac7fca"
            ],
            "index": "pypi",
            "version": "==2.9.3"
        },
        "psycopg2-binary": {
            "hashes": [
                "sha256:01310cf4cf26db9aea5158c217caa92d291f0500051a6469ac52166e1a16f5b7",
                "sha256:083a55275f09a62b8ca4902dd11f4b33075b743cf0d360419e2051a8a5d5ff76",
                "sha256:090f3348c0ab2cceb6dfbe6bf721ef61262ddf518cd6cc6ecc7d334996d64efa",
                "sha256:0a29729145aaaf1ad8bafe663131890e2111f13416b60e460dae0a96af5905c9",
                "sha256:0c9d5450c566c80c396b7402895c4369a410cab5a82707b11aee1e624da7d004",
                "sha256:10bb90fb4d523a2aa67773d4ff2b833ec00857f5912bafcfd5f5414e45280fb1",
                "sha256:12b11322ea00ad8db8c46f18b7dfc47ae215e4df55b46c67a94b4effbaec7094",
                "sha256:152f09f57417b831418304c7f30d727dc83a12761627bb826951692cc6491e57",
                "sha256:15803fa813ea05bef089fa78835118b5434204f3a17cb9f1e5dbfd0b9deea5af",
                "sha256:15c4e4cfa45f5a60599d9cec5f46cd7b1b29d86a6390ec23e8eebaae84e64554",
                "sha256:183a517a3a63503f70f808b58bfbf962f23d73b6dccddae5aa56152ef2bcb232",
                "sha256:1f14c8b0942714eb3c74e1e71700cbbcb415acbc311c730370e70c578a44a25c",
                "sha256:1f6b813106a3abdf7b03640d36e24669234120c72e91d5cbaeb87c5f7c36c65b",
                "sha256:280b0bb5cbfe8039205c7981cceb006156a675362a00fe29b16fbc264e242834",
                "sha256:2d872e3c9d5d075a2e104540965a1cf898b52274a5923936e5bfddb58c59c7c2",
                "sha256:2f9ffd643bc7349eeb664eba8864d9e01f057880f510e4681ba40a6532f93c71",
                "sha256:3303f8807f342641851578ee7ed1f3efc9802d00a6f83c101d21c608cb864460",
                "sha256:35168209c9d51b145e459e05c31a9eaeffa9a6b0fd61689b48e07464ffd1a83e",
                "sha256:3a79d622f5206d695d7824cbf609a4f5b88ea6d6dab5f7c147fc6d333a8787e4",
                "sha256:404224e5fef3b193f892abdbf8961ce20e0b6642886cfe1fe1923f41aaa75c9d",
                "sha256:46f0e0a6b5fa5851bbd9ab1bc805eef362d3a230fbdfbc209f4a236d0a7a990d",
                "sha256:47133f3f872faf28c1e87d4357220e809dfd3fa7c64295a4a148bcd1e6e34ec9",
                "sha256:526ea0378246d9b080148f2d6681229f4b5964543c170dd10bf4faaab6e0d27f",
                "sha256:53293533fcbb94c202b7c800a12c873cfe24599656b341f56e71dd2b557be063",
                "sha256:539b28661b71da7c0e428692438efbcd048ca21ea81af618d845e06ebfd29478",
                "sha256:57804fc02ca3ce0dbfbef35c4b3a4a774da66d66ea20f4bda601294ad2ea6092",
                "sha256:63638d875be8c2784cfc952c9ac34e2b50e43f9f0a0660b65e2a87d656b3116c",
                "sha256:6472a178e291b59e7f16ab49ec8b4f3bdada0a879c68d3817ff0963e722a82ce",
                "sha256:68641a34023d306be959101b345732360fc2ea4938982309b786f7be1b43a4a1",
                "sha256:6e82d38390a03da28c7985b394ec3f56873174e2c88130e6966cb1c946508e65",
                "sha256:761df5313dc15da1502b21453642d7599d26be88bff659382f8f9747c7ebea4e",
                "sha256:7af0dd86ddb2f8af5da57a976d27cd2cd15510518d582b478fbb2292428710b4",
                "sha256:7b1e9b80afca7b7a386ef087db614faebbf8839b7f4db5eb107d0f1a53225029",
                "sha256:874a52ecab70af13e899f7847b3e074eeb16ebac5615665db33bce8a1009cf33",
                "sha256:887dd9aac71765ac0d0bac1d0d4b4f2c99d5f5c1382d8b770404f0f3d0ce8a39",
                "sha256:8b344adbb9a862de0c635f4f0425b7958bf5a4b927c8594e6e8d261775796d53",
                "sha256:8fc53f9af09426a61db9ba357865c77f26076d48669f2e1bb24d85a22fb52307",
                "sha256:91920527dea30175cc02a1099f331aa8c1ba39bf8b7762b7b56cbf54bc5cce42",
                "sha256:93cd1967a18aa0edd4b95b1dfd554cf15af657cb606280996d393dadc88c3c35",
                "sha256:99485cab9ba0fa9b84f1f9e1fef106f44a46ef6afdeec8885e0b88d0772b49e8",
                "sha256:9d29409b625a143649d03d0fd7b57e4b92e0ecad9726ba682244b73be91d2fdb",
                "sha256:a29b3ca4ec9defec6d42bf5feb36bb5817ba3c0230dd83b4edf4bf02684cd0ae",
                "sha256:a9e1f75f96ea388fbcef36c70640c4efbe4650658f3d6a2967b4cc70e907352e",
                "sha256:accfe7e982411da3178ec690baaceaad3c278652998b2c45828aaac66cd8285f",
                "sha256:adf20d9a67e0b6393eac162eb81fb10bc9130a80540f4df7e7355c2dd4af9fba",
                "sha256:af9813db73395fb1fc211bac696faea4ca9ef53f32dc0cfa27e4e7cf766dcf24",
                "sha256:b1c8068513f5b158cf7e29c43a77eb34b407db29aca749d3eb9293ee0d3103ca",
                "sha256:bda845b664bb6c91446ca9609fc69f7db6c334ec5e4adc87571c34e4f47b7ddb",
                "sha256:c381bda330ddf2fccbafab789d83ebc6c53db126e4383e73794c74eedce855ef",
                "sha256:c3ae8e75eb7160851e59adc77b3a19a976e50622e44fd4fd47b8b18208189d42",
                "sha256:d1c1b569ecafe3a69380a94e6ae09a4789bbb23666f3d3a08d06bbd2451f5ef1",
                "sha256:def68d7c21984b0f8218e8a15d514f714d96904265164f75f8d3a70f9c295667",
                "sha256:dffc08ca91c9ac09008870c9eb77b00a46b3378719584059c034b8945e26b272",
                "sha256:e3699852e22aa68c10de06524a3721ade969abf382da95884e6a10ff798f9281",
                "sha256:e847774f8ffd5b398a75bc1c18fbb56564cda3d629fe68fd81971fece2d3c67e",
                "sha256:ffb7a888a047696e7f8240d649b43fb3644f14f0ee229077e7f6b9f9081635bd"
            ],
            "index": "pypi",
            "version": "==2.9.3"
        },
        "pyarrow": {
            "hashes": [
                "sha256:004185e0babc6f3c3fba6ba4f106e406a0113d0f82bb9ad9a8571a1978c45d04",
                "sha256:0204e80777ab8f4e9abd3a765a8ec07ed1e3c4630bacda50d2ce212ef0f3826f",
                "sha256:072c1a0fca4509eefd7d018b78542fb7e5c63aaf5698f1c0a6e45628ae17ba44",
                "sha256:15dc0d673d3f865ca63c877bd7a2eced70b0a08969fb733a28247134b8a1f18b",
                "sha256:1c38263ea438a1666b13372e7565450cfeec32dbcd1c2595749476a58465eaec",
                "sha256:281ce5fa03621d786a9beb514abb09846db7f0221b50eabf543caa24037eaacd",
                "sha256:2d2c681659396c745e4f1988d5dd41dcc3ad557bb8d4a8c2e44030edafc08a91",
                "sha256:376c4b5f248ae63df21fe15c194e9013753164be2d38f4b3fb8bde63ac5a1958",
                "sha256:465f87fa0be0b2928b2beeba22b5813a0203fb05d90fd8563eea48e08ecc030e",
                "sha256:477c746ef42c039348a288584800e299456c80c5691401bb9b19aa9c02a427b7",
                "sha256:5144bd9db2920c7cb566c96462d62443cc239104f94771d110f74393f2fb42a2",
                "sha256:5408fa8d623e66a0445f3fb0e4027fd219bf99bfb57422d543d7b7876e2c5b55",
                "sha256:5be62679201c441356d3f2a739895dcc8d4d299f2a6eabcd2163bfb6a898abba",
                "sha256:5c666bc6a1cebf01206e2dc1ab05f25f39f35d3a499e0ef5cd635225e07306ca",
                "sha256:6163d82cca7541774b00503c295fe86a1722820eddb958b57f091bb6f5b0a6db",
                "sha256:6a1d9a2f4ee812ed0bd4182cabef99ea914ac297274f0de086f2488093d284ef",
                "sha256:7a683f71b848eb6310b4ec48c0def55dac839e9994c1ac874c9b2d3d5625def1",
                "sha256:82fe80309e01acf29e3943a1f6d3c98ec109fe1d356bc1ac37d639bcaadcf684",
                "sha256:8c23f8cdecd3d9e49f9b0f9a651ae5549d1d32fd4901fb1bdc2d327edfba844f",
                "sha256:8d41dfb09ba9236cca6245f33088eb42f3c54023da281139241e0f9f3b4b754e",
                "sha256:a19e58dfb04e451cd8b7bdec3ac8848373b95dfc53492c9a69789aa9074a3c1b",
                "sha256:a50d2f77b86af38ceabf45617208b9105d20e7a5eebc584e7c8c0acededd82ce",
                "sha256:a5bed4f948c032c40597302e9bdfa65f62295240306976ecbe43a54924c6f94f",
                "sha256:ac941a147d14993987cc8b605b721735a34b3e54d167302501fb4db1ad7382c7",
                "sha256:b86d175262db1eb46afdceb36d459409eb6f8e532d3dec162f8bf572c7f57623",
                "sha256:bf3400780c4d3c9cb43b1e8a1aaf2e1b7199a0572d0a645529d2784e4d0d8497",
                "sha256:c7a6e7e0bf8779e9c3428ced85507541f3da9a0675e2f4781d4eb2c7042cbf81",
                "sha256:cc1d4a70efd583befe92d4ea6f74ed2e0aa31ccdde767cd5cae8e77c65a1c2d4",
                "sha256:d046dc78a9337baa6415be915c5a16222505233e238a1017f368243c89817eea",
                "sha256:da7860688c33ca88ac05f1a487d32d96d9caa091412496c35f3d1d832145675a",
                "sha256:ddf2e6e3b321adaaf716f2d5af8e92d205a9671e0cb7c0779710a567fd1dd580",
                "sha256:e81508239a71943759cee272ce625ae208092dd36ef2c6713fccee30bbcf52bb",
                "sha256:ea64a48a85c631eb2a0ea13ccdec5143c85b5897836b16331ee4289d27a57247",
                "sha256:ed0be080cf595ea15ff1c9ff4097bbf1fcc4b50847d98c0a3c0412fbc6ede7e9",
                "sha256:fb701ec4a94b92102606d4e88f0b8eba34f09a5ad8e014eaa4af76f42b7f62ae",
                "sha256:fbda7595f24a639bcef3419ecfac17216efacb09f7b0f1b4c4c97f900d65ca0e"
            ],
            "index": "pypi",
            "version": "==6.0.0"
        },
        "pydantic": {
            "extras": [
                "email"
            ],
            "hashes": [
                "sha256:085ca1de245782e9b46cefcf99deecc67d418737a1fd3f6a4f511344b613a5b3",
                "sha256:086254884d10d3ba16da0588604ffdc5aab3f7f09557b998373e885c690dd398",
                "sha256:0b6037175234850ffd094ca77bf60fb54b08b5b22bc85865331dd3bda7a02fa1",
                "sha256:0fe476769acaa7fcddd17cadd172b156b53546ec3614a4d880e5d29ea5fbce65",
                "sha256:1d5278bd9f0eee04a44c712982343103bba63507480bfd2fc2790fa70cd64cf4",
                "sha256:2cc6a4cb8a118ffec2ca5fcb47afbacb4f16d0ab8b7350ddea5e8ef7bcc53a16",
                "sha256:2ee7e3209db1e468341ef41fe263eb655f67f5c5a76c924044314e139a1103a2",
                "sha256:3011b975c973819883842c5ab925a4e4298dffccf7782c55ec3580ed17dc464c",
                "sha256:3c3b035103bd4e2e4a28da9da7ef2fa47b00ee4a9cf4f1a735214c1bcd05e0f6",
                "sha256:4c68c3bc88dbda2a6805e9a142ce84782d3930f8fdd9655430d8576315ad97ce",
                "sha256:574936363cd4b9eed8acdd6b80d0143162f2eb654d96cb3a8ee91d3e64bf4cf9",
                "sha256:5a79330f8571faf71bf93667d3ee054609816f10a259a109a0738dac983b23c3",
                "sha256:5e48ef4a8b8c066c4a31409d91d7ca372a774d0212da2787c0d32f8045b1e034",
                "sha256:6c5b77947b9e85a54848343928b597b4f74fc364b70926b3c4441ff52620640c",
                "sha256:742645059757a56ecd886faf4ed2441b9c0cd406079c2b4bee51bcc3fbcd510a",
                "sha256:7bdfdadb5994b44bd5579cfa7c9b0e1b0e540c952d56f627eb227851cda9db77",
                "sha256:815ddebb2792efd4bba5488bc8fde09c29e8ca3227d27cf1c6990fc830fd292b",
                "sha256:8b5ac0f1c83d31b324e57a273da59197c83d1bb18171e512908fe5dc7278a1d6",
                "sha256:96f240bce182ca7fe045c76bcebfa0b0534a1bf402ed05914a6f1dadff91877f",
                "sha256:a733965f1a2b4090a5238d40d983dcd78f3ecea221c7af1497b845a9709c1721",
                "sha256:ab624700dc145aa809e6f3ec93fb8e7d0f99d9023b713f6a953637429b437d37",
                "sha256:b2571db88c636d862b35090ccf92bf24004393f85c8870a37f42d9f23d13e032",
                "sha256:bbbc94d0c94dd80b3340fc4f04fd4d701f4b038ebad72c39693c794fd3bc2d9d",
                "sha256:c0727bda6e38144d464daec31dff936a82917f431d9c39c39c60a26567eae3ed",
                "sha256:c556695b699f648c58373b542534308922c46a1cda06ea47bc9ca45ef5b39ae6",
                "sha256:c86229333cabaaa8c51cf971496f10318c4734cf7b641f08af0a6fbf17ca3054",
                "sha256:c8d7da6f1c1049eefb718d43d99ad73100c958a5367d30b9321b092771e96c25",
                "sha256:c8e9dcf1ac499679aceedac7e7ca6d8641f0193c591a2d090282aaf8e9445a46",
                "sha256:cb23bcc093697cdea2708baae4f9ba0e972960a835af22560f6ae4e7e47d33f5",
                "sha256:d1e4c28f30e767fd07f2ddc6f74f41f034d1dd6bc526cd59e63a82fe8bb9ef4c",
                "sha256:d9c9bdb3af48e242838f9f6e6127de9be7063aad17b32215ccc36a09c5cf1070",
                "sha256:dee5ef83a76ac31ab0c78c10bd7d5437bfdb6358c95b91f1ba7ff7b76f9996a1",
                "sha256:e0896200b6a40197405af18828da49f067c2fa1f821491bc8f5bde241ef3f7d7",
                "sha256:f5a64b64ddf4c99fe201ac2724daada8595ada0d102ab96d019c1555c2d6441d",
                "sha256:f947352c3434e8b937e3aa8f96f47bdfe6d92779e44bb3f41e4c213ba6a32145"
            ],
            "index": "pypi",
            "version": "==1.9.0"
        },
        "pyparsing": {
            "hashes": [
                "sha256:c203ec8783bf771a155b207279b9bccb8dea02d8f0c9e5f8ead507bc3246ecc1",
                "sha256:ef9d7589ef3c200abe66653d3f1ab1033c3c419ae9b9bdb1240a85b024efc88b"
            ],
            "index": "pypi",
            "version": "==2.4.7"
        },
        "python-dateutil": {
            "hashes": [
                "sha256:0123cacc1627ae19ddf3c27a5de5bd67ee4586fbdd6440d9748f8abb483d3e86",
                "sha256:961d03dc3453ebbc59dbdea9e4e11c5651520a876d0f4db161e8674aae935da9"
            ],
            "index": "pypi",
            "version": "==2.8.2"
        },
        "python-dotenv": {
            "hashes": [
                "sha256:32b2bdc1873fd3a3c346da1c6db83d0053c3c62f28f1f38516070c4c8971b1d3",
                "sha256:a5de49a31e953b45ff2d2fd434bbc2670e8db5273606c1e737cc6b93eff3655f"
            ],
            "index": "pypi",
            "version": "==0.19.2"
        },
        "pytz": {
            "hashes": [
                "sha256:3672058bc3453457b622aab7a1c3bfd5ab0bdae451512f6cf25f64ed37f5b87c",
                "sha256:acad2d8b20a1af07d4e4c9d2e9285c5ed9104354062f275f3fcd88dcef4f1326"
            ],
            "index": "pypi",
            "version": "==2021.3"
        },
        "pyuploadcare": {
            "hashes": [
                "sha256:9cdf83734b0b08dd26a15ca7859131f0ae361c36b9528cc75fcf0dac1fa6cc69",
                "sha256:fb1a9efb7115ed6bf3f61e9e0c07a2108249dcd20381a38073ece19f0226cad8"
            ],
            "index": "pypi",
            "version": "==3.0.0"
        },
        "pyyaml": {
            "hashes": [
                "sha256:0283c35a6a9fbf047493e3a0ce8d79ef5030852c51e9d911a27badfde0605293",
                "sha256:055d937d65826939cb044fc8c9b08889e8c743fdc6a32b33e2390f66013e449b",
                "sha256:07751360502caac1c067a8132d150cf3d61339af5691fe9e87803040dbc5db57",
                "sha256:0b4624f379dab24d3725ffde76559cff63d9ec94e1736b556dacdfebe5ab6d4b",
                "sha256:0ce82d761c532fe4ec3f87fc45688bdd3a4c1dc5e0b4a19814b9009a29baefd4",
                "sha256:1e4747bc279b4f613a09eb64bba2ba602d8a6664c6ce6396a4d0cd413a50ce07",
                "sha256:213c60cd50106436cc818accf5baa1aba61c0189ff610f64f4a3e8c6726218ba",
                "sha256:231710d57adfd809ef5d34183b8ed1eeae3f76459c18fb4a0b373ad56bedcdd9",
                "sha256:277a0ef2981ca40581a47093e9e2d13b3f1fbbeffae064c1d21bfceba2030287",
                "sha256:2cd5df3de48857ed0544b34e2d40e9fac445930039f3cfe4bcc592a1f836d513",
                "sha256:40527857252b61eacd1d9af500c3337ba8deb8fc298940291486c465c8b46ec0",
                "sha256:473f9edb243cb1935ab5a084eb238d842fb8f404ed2193a915d1784b5a6b5fc0",
                "sha256:48c346915c114f5fdb3ead70312bd042a953a8ce5c7106d5bfb1a5254e47da92",
                "sha256:50602afada6d6cbfad699b0c7bb50d5ccffa7e46a3d738092afddc1f9758427f",
                "sha256:68fb519c14306fec9720a2a5b45bc9f0c8d1b9c72adf45c37baedfcd949c35a2",
                "sha256:77f396e6ef4c73fdc33a9157446466f1cff553d979bd00ecb64385760c6babdc",
                "sha256:819b3830a1543db06c4d4b865e70ded25be52a2e0631ccd2f6a47a2822f2fd7c",
                "sha256:897b80890765f037df3403d22bab41627ca8811ae55e9a722fd0392850ec4d86",
                "sha256:98c4d36e99714e55cfbaaee6dd5badbc9a1ec339ebfc3b1f52e293aee6bb71a4",
                "sha256:9df7ed3b3d2e0ecfe09e14741b857df43adb5a3ddadc919a2d94fbdf78fea53c",
                "sha256:9fa600030013c4de8165339db93d182b9431076eb98eb40ee068700c9c813e34",
                "sha256:a80a78046a72361de73f8f395f1f1e49f956c6be882eed58505a15f3e430962b",
                "sha256:b3d267842bf12586ba6c734f89d1f5b871df0273157918b0ccefa29deb05c21c",
                "sha256:b5b9eccad747aabaaffbc6064800670f0c297e52c12754eb1d976c57e4f74dcb",
                "sha256:c5687b8d43cf58545ade1fe3e055f70eac7a5a1a0bf42824308d868289a95737",
                "sha256:cba8c411ef271aa037d7357a2bc8f9ee8b58b9965831d9e51baf703280dc73d3",
                "sha256:d15a181d1ecd0d4270dc32edb46f7cb7733c7c508857278d3d378d14d606db2d",
                "sha256:d4db7c7aef085872ef65a8fd7d6d09a14ae91f691dec3e87ee5ee0539d516f53",
                "sha256:d4eccecf9adf6fbcc6861a38015c2a64f38b9d94838ac1810a9023a0609e1b78",
                "sha256:d67d839ede4ed1b28a4e8909735fc992a923cdb84e618544973d7dfc71540803",
                "sha256:daf496c58a8c52083df09b80c860005194014c3698698d1a57cbcfa182142a3a",
                "sha256:e61ceaab6f49fb8bdfaa0f92c4b57bcfbea54c09277b1b4f7ac376bfb7a7c174",
                "sha256:f84fbc98b019fef2ee9a1cb3ce93e3187a6df0b2538a651bfb890254ba9f90b5"
            ],
            "index": "pypi",
            "version": "==6.0"
        },
        "regex": {
            "hashes": [
                "sha256:0416f7399e918c4b0e074a0f66e5191077ee2ca32a0f99d4c187a62beb47aa05",
                "sha256:05b7d6d7e64efe309972adab77fc2af8907bb93217ec60aa9fe12a0dad35874f",
                "sha256:0617383e2fe465732af4509e61648b77cbe3aee68b6ac8c0b6fe934db90be5cc",
                "sha256:07856afef5ffcc052e7eccf3213317fbb94e4a5cd8177a2caa69c980657b3cb4",
                "sha256:0f594b96fe2e0821d026365f72ac7b4f0b487487fb3d4aaf10dd9d97d88a9737",
                "sha256:139a23d1f5d30db2cc6c7fd9c6d6497872a672db22c4ae1910be22d4f4b2068a",
                "sha256:162abfd74e88001d20cb73ceaffbfe601469923e875caf9118333b1a4aaafdc4",
                "sha256:2207ae4f64ad3af399e2d30dde66f0b36ae5c3129b52885f1bffc2f05ec505c8",
                "sha256:2409b5c9cef7054dde93a9803156b411b677affc84fca69e908b1cb2c540025d",
                "sha256:2fee3ed82a011184807d2127f1733b4f6b2ff6ec7151d83ef3477f3b96a13d03",
                "sha256:30ab804ea73972049b7a2a5c62d97687d69b5a60a67adca07eb73a0ddbc9e29f",
                "sha256:3598893bde43091ee5ca0a6ad20f08a0435e93a69255eeb5f81b85e81e329264",
                "sha256:3b5df18db1fccd66de15aa59c41e4f853b5df7550723d26aa6cb7f40e5d9da5a",
                "sha256:3c5fb32cc6077abad3bbf0323067636d93307c9fa93e072771cf9a64d1c0f3ef",
                "sha256:416c5f1a188c91e3eb41e9c8787288e707f7d2ebe66e0a6563af280d9b68478f",
                "sha256:42b50fa6666b0d50c30a990527127334d6b96dd969011e843e726a64011485da",
                "sha256:432bd15d40ed835a51617521d60d0125867f7b88acf653e4ed994a1f8e4995dc",
                "sha256:473e67837f786404570eae33c3b64a4b9635ae9f00145250851a1292f484c063",
                "sha256:4aaa4e0705ef2b73dd8e36eeb4c868f80f8393f5f4d855e94025ce7ad8525f50",
                "sha256:50a7ddf3d131dc5633dccdb51417e2d1910d25cbcf842115a3a5893509140a3a",
                "sha256:529801a0d58809b60b3531ee804d3e3be4b412c94b5d267daa3de7fadef00f49",
                "sha256:537ca6a3586931b16a85ac38c08cc48f10fc870a5b25e51794c74df843e9966d",
                "sha256:53db2c6be8a2710b359bfd3d3aa17ba38f8aa72a82309a12ae99d3c0c3dcd74d",
                "sha256:5537f71b6d646f7f5f340562ec4c77b6e1c915f8baae822ea0b7e46c1f09b733",
                "sha256:563d5f9354e15e048465061509403f68424fef37d5add3064038c2511c8f5e00",
                "sha256:5d408a642a5484b9b4d11dea15a489ea0928c7e410c7525cd892f4d04f2f617b",
                "sha256:61600a7ca4bcf78a96a68a27c2ae9389763b5b94b63943d5158f2a377e09d29a",
                "sha256:6650f16365f1924d6014d2ea770bde8555b4a39dc9576abb95e3cd1ff0263b36",
                "sha256:666abff54e474d28ff42756d94544cdfd42e2ee97065857413b72e8a2d6a6345",
                "sha256:68a067c11463de2a37157930d8b153005085e42bcb7ad9ca562d77ba7d1404e0",
                "sha256:6e1d2cc79e8dae442b3fa4a26c5794428b98f81389af90623ffcc650ce9f6732",
                "sha256:74cbeac0451f27d4f50e6e8a8f3a52ca074b5e2da9f7b505c4201a57a8ed6286",
                "sha256:780b48456a0f0ba4d390e8b5f7c661fdd218934388cde1a974010a965e200e12",
                "sha256:788aef3549f1924d5c38263104dae7395bf020a42776d5ec5ea2b0d3d85d6646",
                "sha256:7ee1227cf08b6716c85504aebc49ac827eb88fcc6e51564f010f11a406c0a667",
                "sha256:7f301b11b9d214f83ddaf689181051e7f48905568b0c7017c04c06dfd065e244",
                "sha256:83ee89483672b11f8952b158640d0c0ff02dc43d9cb1b70c1564b49abe92ce29",
                "sha256:85bfa6a5413be0ee6c5c4a663668a2cad2cbecdee367630d097d7823041bdeec",
                "sha256:9345b6f7ee578bad8e475129ed40123d265464c4cfead6c261fd60fc9de00bcf",
                "sha256:93a5051fcf5fad72de73b96f07d30bc29665697fb8ecdfbc474f3452c78adcf4",
                "sha256:962b9a917dd7ceacbe5cd424556914cb0d636001e393b43dc886ba31d2a1e449",
                "sha256:96fc32c16ea6d60d3ca7f63397bff5c75c5a562f7db6dec7d412f7c4d2e78ec0",
                "sha256:98ba568e8ae26beb726aeea2273053c717641933836568c2a0278a84987b2a1a",
                "sha256:a3feefd5e95871872673b08636f96b61ebef62971eab044f5124fb4dea39919d",
                "sha256:a955b747d620a50408b7fdf948e04359d6e762ff8a85f5775d907ceced715129",
                "sha256:b43c2b8a330a490daaef5a47ab114935002b13b3f9dc5da56d5322ff218eeadb",
                "sha256:b483c9d00a565633c87abd0aaf27eb5016de23fed952e054ecc19ce32f6a9e7e",
                "sha256:b9ed0b1e5e0759d6b7f8e2f143894b2a7f3edd313f38cf44e1e15d360e11749b",
                "sha256:ba05430e819e58544e840a68b03b28b6d328aff2e41579037e8bab7653b37d83",
                "sha256:ca49e1ab99593438b204e00f3970e7a5f70d045267051dfa6b5f4304fcfa1dbf",
                "sha256:ca5f18a75e1256ce07494e245cdb146f5a9267d3c702ebf9b65c7f8bd843431e",
                "sha256:cd410a1cbb2d297c67d8521759ab2ee3f1d66206d2e4328502a487589a2cb21b",
                "sha256:ce298e3d0c65bd03fa65ffcc6db0e2b578e8f626d468db64fdf8457731052942",
                "sha256:d5ca078bb666c4a9d1287a379fe617a6dccd18c3e8a7e6c7e1eb8974330c626a",
                "sha256:d5fd67df77bab0d3f4ea1d7afca9ef15c2ee35dfb348c7b57ffb9782a6e4db6e",
                "sha256:da1a90c1ddb7531b1d5ff1e171b4ee61f6345119be7351104b67ff413843fe94",
                "sha256:dba70f30fd81f8ce6d32ddeef37d91c8948e5d5a4c63242d16a2b2df8143aafc",
                "sha256:dc07f021ee80510f3cd3af2cad5b6a3b3a10b057521d9e6aaeb621730d320c5a",
                "sha256:dd33eb9bdcfbabab3459c9ee651d94c842bc8a05fabc95edf4ee0c15a072495e",
                "sha256:e0538c43565ee6e703d3a7c3bdfe4037a5209250e8502c98f20fea6f5fdf2965",
                "sha256:e1f54b9b4b6c53369f40028d2dd07a8c374583417ee6ec0ea304e710a20f80a0",
                "sha256:e32d2a2b02ccbef10145df9135751abea1f9f076e67a4e261b05f24b94219e36",
                "sha256:e6096b0688e6e14af6a1b10eaad86b4ff17935c49aa774eac7c95a57a4e8c296",
                "sha256:e71255ba42567d34a13c03968736c5d39bb4a97ce98188fafb27ce981115beec",
                "sha256:ed2e07c6a26ed4bea91b897ee2b0835c21716d9a469a96c3e878dc5f8c55bb23",
                "sha256:eef2afb0fd1747f33f1ee3e209bce1ed582d1896b240ccc5e2697e3275f037c7",
                "sha256:f23222527b307970e383433daec128d769ff778d9b29343fb3496472dc20dabe",
                "sha256:f341ee2df0999bfdf7a95e448075effe0db212a59387de1a70690e4acb03d4c6",
                "sha256:f5be7805e53dafe94d295399cfbe5227f39995a997f4fd8539bf3cbdc8f47ca8",
                "sha256:f7f325be2804246a75a4f45c72d4ce80d2443ab815063cdf70ee8fb2ca59ee1b",
                "sha256:f8af619e3be812a2059b212064ea7a640aff0568d972cd1b9e920837469eb3cb",
                "sha256:fa8c626d6441e2d04b6ee703ef2d1e17608ad44c7cb75258c09dd42bacdfc64b",
                "sha256:fbb9dc00e39f3e6c0ef48edee202f9520dafb233e8b51b06b8428cfcb92abd30",
                "sha256:fff55f3ce50a3ff63ec8e2a8d3dd924f1941b250b0aac3d3d42b687eeff07a8e"
            ],
            "index": "pypi",
            "version": "==2021.11.10"
        },
        "requests": {
            "hashes": [
                "sha256:6c1246513ecd5ecd4528a0906f910e8f0f9c6b8ec72030dc9fd154dc1a6efd24",
                "sha256:b8aa58f8cf793ffd8782d3d8cb19e66ef36f7aba4353eec859e74678b01b07a7"
            ],
            "index": "pypi",
            "version": "==2.26.0"
        },
        "rfc3986": {
            "extras": [
                "idna2008"
            ],
            "hashes": [
                "sha256:270aaf10d87d0d4e095063c65bf3ddbc6ee3d0b226328ce21e036f946e421835",
                "sha256:a86d6e1f5b1dc238b218b012df0aa79409667bb209e58da56d0b94704e712a97"
            ],
            "index": "pypi",
            "version": "==1.5.0"
        },
        "sacremoses": {
            "hashes": [
                "sha256:4b1fe8813915c7a2647728a46ebbf0d1a65eabb7ca05ba10efeb0548547eea38",
                "sha256:f95f80d09d3501fed5c1d3056d9212b40599b08cb27f185d38ff0063be8ddd09"
            ],
            "index": "pypi",
            "version": "==0.0.46"
        },
        "six": {
            "hashes": [
                "sha256:1e61c37477a1626458e36f7b1d82aa5c9b094fa4802892072e49de9c60c4c926",
                "sha256:8abb2f1d86890a2dfb989f9a77cfcfd3e47c2a354b01111771326f8aa26e0254"
            ],
            "index": "pypi",
            "version": "==1.16.0"
        },
        "sniffio": {
            "hashes": [
                "sha256:471b71698eac1c2112a40ce2752bb2f4a4814c22a54a3eed3676bc0f5ca9f663",
                "sha256:c4666eecec1d3f50960c6bdf61ab7bc350648da6c126e3cf6898d8cd4ddcd3de"
            ],
            "index": "pypi",
            "version": "==1.2.0"
        },
        "sqlparse": {
            "hashes": [
                "sha256:0c00730c74263a94e5a9919ade150dfc3b19c574389985446148402998287dae",
                "sha256:48719e356bb8b42991bdbb1e8b83223757b93789c00910a616a071910ca4a64d"
            ],
            "index": "pypi",
            "version": "==0.4.2"
        },
        "tqdm": {
            "hashes": [
                "sha256:8dd278a422499cd6b727e6ae4061c40b48fce8b76d1ccbf5d34fca9b7f925b0c",
                "sha256:d359de7217506c9851b7869f3708d8ee53ed70a1b8edbba4dbcb47442592920d"
            ],
            "index": "pypi",
            "version": "==4.62.3"
        },
        "typing-extensions": {
            "hashes": [
                "sha256:49f75d16ff11f1cd258e1b988ccff82a3ca5570217d7ad8c5f48205dd99a677e",
                "sha256:d8226d10bc02a29bcc81df19a26e56a9647f8b0a6d4a83924139f4a8b01f17b7",
                "sha256:f1d25edafde516b146ecd0613dabcc61409817af4766fbbcfb8d1ad4ec441a34"
            ],
            "index": "pypi",
            "version": "==3.10.0.2"
        },
        "tzdata": {
            "hashes": [
                "sha256:3eee491e22ebfe1e5cfcc97a4137cd70f092ce59144d81f8924a844de05ba8f5",
                "sha256:68dbe41afd01b867894bbdfd54fa03f468cfa4f0086bfb4adcd8de8f24f3ee21"
            ],
            "index": "pypi",
            "version": "==2021.5"
        },
        "urllib3": {
            "hashes": [
                "sha256:4987c65554f7a2dbf30c18fd48778ef124af6fab771a377103da0585e2336ece",
                "sha256:c4fdf4019605b6e5423637e01bc9fe4daef873709a7973e195ceba0a62bbc844"
            ],
            "index": "pypi",
            "version": "==1.26.7"
        },
        "virtualenv": {
            "hashes": [
                "sha256:1d145deec2da86b29026be49c775cc5a9aab434f85f7efef98307fb3965165de",
                "sha256:bb55ace18de14593947354e5e6cd1be75fb32c3329651da62e92bf5d0aab7213"
            ],
            "index": "pypi",
            "version": "==20.9.0"
        },
        "virtualenv-clone": {
            "hashes": [
                "sha256:418ee935c36152f8f153c79824bb93eaf6f0f7984bae31d3f48f350b9183501a",
                "sha256:44d5263bceed0bac3e1424d64f798095233b64def1c5689afa43dc3223caf5b0"
            ],
            "index": "pypi",
            "version": "==0.5.7"
        },
        "whitenoise": {
            "hashes": [
                "sha256:08c42bc535f9777eea1a599289d9433f081921f97887eaf6f559446b2a080374",
                "sha256:5a4aff543ee860fbe40d743e556adf92ccd41b7df45697cae074afdf657056b9"
            ],
            "index": "pypi",
            "version": "==6.0.0"
        },
        "xxhash": {
            "hashes": [
                "sha256:00aaf882036d2a0fa7652cf9aeaaf2ad077b784c09ef8d60f5d97ebf0d47ffa1",
                "sha256:04ae5706ddfe0fd2b46cd0b6487d3edae7e724e27d732b055ffd0f9539c4afc5",
                "sha256:0b92a01dc8dcada8827de140a5df83c9e8e5c190ef8bf972c98ebbe0924ee044",
                "sha256:0beb79835ca47af257f8126fccd9d5e0ba56ba7d39dab6f6b5a7acea4d8ac4b5",
                "sha256:173d3f662dc88de734bd622e46a3bbac6fd00e957b3e098fa8b75b141aa4354e",
                "sha256:17a3b0a2ff20879ed5c9d9c178349e9c6257db11b193e4103282d7a78ef9cb08",
                "sha256:1dfa115c8e07b3e1d94ebd60a6d6ee16ea692efb890e245addb0d33b47ee1dee",
                "sha256:22ddd484cd92d138feeec556387894b8ec529bab7f2feb3a177eb84baadee8c1",
                "sha256:357f6a52bd18a80635cf4c83f648c42fa0609713b4183929ed019f7627af4b68",
                "sha256:4243dbeb1ce09d359289844f0c54676343857fdc6a092184aea159fecdf6d9f3",
                "sha256:427851234a87bfe6636c90b89bd65b7ca913befff3c7bcd92a3568e635fccc92",
                "sha256:43fd97f332bd581639bb99fe8f09f7e9113d49cad4d21bef0620867f92c802c6",
                "sha256:515747159fccd23fc9d1b7afeaa8bd7fc36884188b47491713d22032c5f9e502",
                "sha256:57d43ce9594676b503c0a0a383481cb4e5cf736f88970bd41849fe15a68a5d48",
                "sha256:5dc3da5fa855dd8e35f24d20fabfcd29c0b3ac85a14dc2c329c029971ae4eeb7",
                "sha256:6077fdb44f68920c4ac8e2f34b2a107c9a218f00a698253c824a0c6c1b9622a3",
                "sha256:676d6964b8a9bdaf737ae6836b886ab53b2863c6aa00d43952b130a6130d1bdc",
                "sha256:686fcf2aff041df65470eccc7dcea5e7e77cfad99efcaba0c6f58bbd81846e10",
                "sha256:68d067427f2c6f7b3014e28bf4794b0876ab5f6366b53e1d6f59d275b4f19a8d",
                "sha256:6e5058c3fa5b42ded9a303f1a5a42d3ff732cb54c108424c63e993fc3379513c",
                "sha256:6fc0b8c21a181b771e1f0c25eb8a0a241af0126f1fc19f4c3cde7233de91326f",
                "sha256:71b38300e1803ab32ee787f89cdbc032b46ac5834eca9109d8fb576ae1a31741",
                "sha256:73649555656dd17e809b9b3c54855f4f72144024b0e6395cd37b5395fa0f48c3",
                "sha256:81ec049f4936a49311e1fc58036d7d682b5c83d6d16ba1c852a981588c90e027",
                "sha256:8362693a1ce5c1373f48f047470e7797ed17dfe5babc37ba7bef50d6e6f83a72",
                "sha256:9b6bb1bd34a6365c790c328a604ec5a628059fef6e4486380caa89bc12787a6e",
                "sha256:9e6e5e095417060bed45119c510d5bc846b62e2a8218cb3e5a19b3ccf12e4c18",
                "sha256:a0199a07a264be96ed658ba3b4e9ee58a3c678e51a18e134e2518cf1a8171e18",
                "sha256:a8a68d117178f15c96cb9ae2613f53db94e0fdb34ffc69c7ab600c899c7a966c",
                "sha256:a922315c8e20dae0d35e54b49fd7ee348fe0a5e2fd8ec02f6a74140e063fcdb3",
                "sha256:b232b47a3aa825e0df14b1bd3e051dd327c8539e382728ddb81997d26de5256a",
                "sha256:b4964e7ddca1ef9d7addef40a9f5eaa97aeda367c1d895e392533c0d2f9c3b8e",
                "sha256:b4b7d4d19c125738c5fc48356505dfbd63b3cdf826dd868a1b80a73de48729b7",
                "sha256:b7640e043ac6e0f503eadb108e6971d69b0c95c23fbcac3e5632578f9f906050",
                "sha256:b7bead8cf6210eadf9cecf356e17af794f57c0939a3d420a00d87ea652f87b49",
                "sha256:bb8c0efad20da40da1aa56f36b929b965d1adede8a1d5b37b702d378a683e0dd",
                "sha256:c2e44d162c3361392dbde736ee8ba3d1a414f63e32be6c71186f2b0654559d26",
                "sha256:c4a0806ffb33c9d892b5565fa010c252c7e0f4d01ded901a637dfede624e4d0c",
                "sha256:c4a892bc47b6ea92bbb82499a81882548ce990d62c1862b3834f1f70e8cf4423",
                "sha256:c75f8375c80c3815f49a744ef1a8303577757eb9a2dc53bed33d9318b760fec6",
                "sha256:cb3a196fd1d55ce86b1123cbf3ef6603f80f4d0b46541412bb5056b0563ef384",
                "sha256:d47ab1245ee4c7e6fc424ad990e4d7cfe0f206d617efe990fea34000a9242102",
                "sha256:d707d2a053a5d55ccd2e59d7a228636cafeebb44c9ac3ca1c088f4d384c8c3a9",
                "sha256:d7175cd7f490aae742d18eb9b519e74180958f88fa8ff47091727b3efb57bfbf",
                "sha256:dac3b94881b943bbe418f5829128b9c48f69a66f816ef8b72ee0129d676dbd7c",
                "sha256:dad190caa293abbb39d96b4a09f121fc971d81eb19c96e4e0db89a99a7d59b93",
                "sha256:dafd1066c99d448a7a1226f10766b61ff752aaad8a4392e4cae30aafefa6fff5",
                "sha256:db2352d375e6594620c462c029d3c1a1b18ff7168e470657e354f1b8b332d9dd",
                "sha256:dc328d3d635ec851d6befdf6ced2134d587d3be973dbbbc489da24c0c88ecb01",
                "sha256:dd9c72520f790ce6eaa535cdad1a53ded22deab43766cfa7cef42834a9a65561",
                "sha256:df71aeedee74eaf670d1243b6722c8c77626f3b6e6cf2cd79f2e336b151749cd",
                "sha256:dfacce97a3ccb46089e358ceaeca9300298511673bf87596da66882af386f6c7",
                "sha256:e1787b9cea43f256f8d06c8429999d386a9da9cb000c265a4dde48dd08242528",
                "sha256:e70059c5cc8f0cecd16d8cb0263de8f317239cabee3fa4af35c0a1ddaed2110e",
                "sha256:e94fdff9b102ca7c0969230d209f7ce17020db17a89d026ac45d8ffb9e4929ec",
                "sha256:eb1e9e347c9810a272154814cf5ce33a6c3ac7d0d7cbcb066e92dd5f9fa4db8f",
                "sha256:eb2670ed6c435189aeb479bfff990e00b849ae0ff49945632db74b2a2a08d192",
                "sha256:ebff22f1783f641c6c2b313bfc44d6cc620c17409ec512e67c7c6de809155880",
                "sha256:f2bef10c417c4667310cc240d49e521e6b5fc90c4ff77a1ec78649869685e8d3",
                "sha256:f49dbd3b8e4cc13f2df92fb3db39204e3258105a212e23784cbb340e415ae8ed",
                "sha256:f95adf6091fa13ce19fab21fadb8d07210822320568d24a6405d6b557afc0411",
                "sha256:fb28b0313c7582225373f343635674231518452331a9bdea8261d0e27b48594f",
                "sha256:fdfac2014301da79cebcd8f9535c875f63242fe404d741cec5f70f400cc6a561",
                "sha256:ff518ec1bd7cc33218f8f3325848c56e9c73c5df30138a64a89dd65ab1e1ffb5"
            ],
            "index": "pypi",
            "version": "==2.0.2"
        }
    },
    "develop": {}
}
